<?xml version="1.0" encoding="utf-8"?>
<Project ToolsVersion="4.0" xmlns="http://schemas.microsoft.com/developer/msbuild/2003">
  <ItemGroup>
    <ClCompile Include="E:\Github\CS2-MetamodPluginTest\TestPlugin.cpp" />
    <ClCompile Include="audiocode.cpp" />
  </ItemGroup>
  <ItemGroup>
    <Filter Include="Headers">
      <UniqueIdentifier>{1146a6c1-1729-4dca-b68d-dfeaa0d27ec0}</UniqueIdentifier>
    </Filter>
    <Filter Include="Ambuild">
      <UniqueIdentifier>{d0af7728-442c-441e-8f26-206da011fc6c}</UniqueIdentifier>
    </Filter>
  </ItemGroup>
  <ItemGroup>
    <ClInclude Include="TestPlugin.h">
      <Filter>Headers</Filter>
    </ClInclude>
    <ClInclude Include="recipientfilters.h">
      <Filter>Headers</Filter>
    </ClInclude>
  </ItemGroup>
  <ItemGroup>
    <None Include="AMBuilder">
      <Filter>Ambuild</Filter>
    </None>
    <None Include="AMBuildScript">
      <Filter>Ambuild</Filter>
    </None>
    <None Include="PackageScript">
      <Filter>Ambuild</Filter>
    </None>
  </ItemGroup>
</Project>